{
  "version": "4",
  "specifiers": {
    "jsr:@david/dax@*": "0.42.0",
    "jsr:@david/path@0.2": "0.2.0",
    "jsr:@david/which@~0.4.1": "0.4.1",
    "jsr:@std/assert@0.221": "0.221.0",
    "jsr:@std/assert@1": "1.0.11",
    "jsr:@std/assert@^1.0.10": "1.0.11",
    "jsr:@std/assert@^1.0.11": "1.0.11",
    "jsr:@std/async@^1.0.9": "1.0.10",
    "jsr:@std/bytes@0.221": "0.221.0",
    "jsr:@std/data-structures@^1.0.6": "1.0.6",
    "jsr:@std/expect@^1.0.13": "1.0.13",
    "jsr:@std/fmt@1": "1.0.5",
    "jsr:@std/fs@1": "1.0.13",
    "jsr:@std/fs@^1.0.9": "1.0.13",
    "jsr:@std/internal@^1.0.5": "1.0.5",
    "jsr:@std/io@0.221": "0.221.0",
    "jsr:@std/path@*": "1.0.8",
    "jsr:@std/path@1": "1.0.8",
    "jsr:@std/path@^1.0.8": "1.0.8",
    "jsr:@std/streams@0.221": "0.221.0",
    "jsr:@std/testing@^1.0.9": "1.0.9",
    "jsr:@ykanter/duckdb-async@*": "0.3.0",
    "npm:@duckdb/duckdb-wasm@*": "1.29.0",
    "npm:@duckdb/node-api@*": "1.2.0-alpha.15",
    "npm:@npm/types@2": "2.0.0",
    "npm:@types/node@*": "22.5.4",
    "npm:cmd-ts@*": "0.13.0",
    "npm:commander@*": "13.1.0",
    "npm:duckdb@*": "1.2.0",
    "npm:duckdb@1.1.1": "1.1.1",
    "npm:duckdb@^1.2.0": "1.2.0",
    "npm:fs@*": "0.0.1-security",
    "npm:js-yaml@*": "4.1.0",
    "npm:neverthrow@*": "8.2.0",
    "npm:neverthrow@^8.2.0": "8.2.0",
    "npm:typescript@*": "5.7.3",
    "npm:zod@*": "3.24.2"
  },
  "jsr": {
    "@david/dax@0.42.0": {
      "integrity": "0c547c9a20577a6072b90def194c159c9ddab82280285ebfd8268a4ebefbd80b",
      "dependencies": [
        "jsr:@david/path",
        "jsr:@david/which",
        "jsr:@std/fmt",
        "jsr:@std/fs@1",
        "jsr:@std/io",
        "jsr:@std/path@1",
        "jsr:@std/streams"
      ]
    },
    "@david/path@0.2.0": {
      "integrity": "f2d7aa7f02ce5a55e27c09f9f1381794acb09d328f8d3c8a2e3ab3ffc294dccd",
      "dependencies": [
        "jsr:@std/fs@1",
        "jsr:@std/path@1"
      ]
    },
    "@david/which@0.4.1": {
      "integrity": "896a682b111f92ab866cc70c5b4afab2f5899d2f9bde31ed00203b9c250f225e"
    },
    "@std/assert@0.221.0": {
      "integrity": "a5f1aa6e7909dbea271754fd4ab3f4e687aeff4873b4cef9a320af813adb489a"
    },
    "@std/assert@1.0.11": {
      "integrity": "2461ef3c368fe88bc60e186e7744a93112f16fd110022e113a0849e94d1c83c1",
      "dependencies": [
        "jsr:@std/internal"
      ]
    },
    "@std/async@1.0.10": {
      "integrity": "2ff1b1c7d33d1416159989b0f69e59ec7ee8cb58510df01e454def2108b3dbec"
    },
    "@std/bytes@0.221.0": {
      "integrity": "64a047011cf833890a4a2ab7293ac55a1b4f5a050624ebc6a0159c357de91966"
    },
    "@std/data-structures@1.0.6": {
      "integrity": "76a7fd8080c66604c0496220a791860492ab21a04a63a969c0b9a0609bbbb760"
    },
    "@std/expect@1.0.13": {
      "integrity": "d8e236c7089cd9fcf5e6032f27dadc3db6349d0aee48c15bc71d717bca5baa42",
      "dependencies": [
        "jsr:@std/assert@^1.0.11",
        "jsr:@std/internal"
      ]
    },
    "@std/fmt@1.0.5": {
      "integrity": "0cfab43364bc36650d83c425cd6d99910fc20c4576631149f0f987eddede1a4d"
    },
    "@std/fs@1.0.13": {
      "integrity": "756d3ff0ade91c9e72b228e8012b6ff00c3d4a4ac9c642c4dac083536bf6c605",
      "dependencies": [
        "jsr:@std/path@^1.0.8"
      ]
    },
    "@std/internal@1.0.5": {
      "integrity": "54a546004f769c1ac9e025abd15a76b6671ddc9687e2313b67376125650dc7ba"
    },
    "@std/io@0.221.0": {
      "integrity": "faf7f8700d46ab527fa05cc6167f4b97701a06c413024431c6b4d207caa010da",
      "dependencies": [
        "jsr:@std/assert@0.221",
        "jsr:@std/bytes"
      ]
    },
    "@std/path@1.0.8": {
      "integrity": "548fa456bb6a04d3c1a1e7477986b6cffbce95102d0bb447c67c4ee70e0364be"
    },
    "@std/streams@0.221.0": {
      "integrity": "47f2f74634b47449277c0ee79fe878da4424b66bd8975c032e3afdca88986e61",
      "dependencies": [
        "jsr:@std/io"
      ]
    },
    "@std/testing@1.0.9": {
      "integrity": "9bdd4ac07cb13e7594ac30e90f6ceef7254ac83a9aeaa089be0008f33aab5cd4",
      "dependencies": [
        "jsr:@std/assert@^1.0.10",
        "jsr:@std/async",
        "jsr:@std/data-structures",
        "jsr:@std/fs@^1.0.9",
        "jsr:@std/internal",
        "jsr:@std/path@^1.0.8"
      ]
    },
    "@ykanter/duckdb-async@0.3.0": {
      "integrity": "76b783b18705e321649019a484697b9211c53ee290e2b125b1af518ab9de8be6",
      "dependencies": [
        "npm:duckdb@1.1.1"
      ]
    }
  },
  "npm": {
    "@duckdb/duckdb-wasm@1.29.0": {
      "integrity": "sha512-8Zq7vafQuIz9gklC/9375KE38UlkaS2n8+yvG+/JK7irm3DjwYNJHL4xfplIj0bSHFIg6we5XhWYFqtE/vO3+Q==",
      "dependencies": [
        "apache-arrow"
      ]
    },
    "@duckdb/node-api@1.2.0-alpha.15": {
      "integrity": "sha512-XFnBcl3qe9FwFXAxHriGB59VbEpu3a7Xk7JSYCQI+N7i40O0FyEplgLxlkJKjSoKAlMJyA64MhBF6HbBCRMoCg==",
      "dependencies": [
        "@duckdb/node-bindings"
      ]
    },
    "@duckdb/node-bindings-darwin-arm64@1.2.0-alpha.15": {
      "integrity": "sha512-gcUI8e7x55Kh3T5ir5s91IqlsCgkKSsyEfDfPKW0w4PHctgKlod76uoBZMbmtx1vrFSW8ml1vLddWVOYDZH53g=="
    },
    "@duckdb/node-bindings-darwin-x64@1.2.0-alpha.15": {
      "integrity": "sha512-rzx37eaeN4xKN7S06lES2lrT3mD8YHJq5l1pk8b0OevUa8WO5LW/kW3KrX2pkGqWq4E5b2MVLwH5Yhv6MN00jg=="
    },
    "@duckdb/node-bindings-linux-arm64@1.2.0-alpha.15": {
      "integrity": "sha512-fPDSjLa1CLJ8Wydbfoc/Mwxs8z0+/xSCfkFml1/mI9u+qXqXj00Sccyjxufm5oy3kqiyvGc5dPygGKN5OuXwaA=="
    },
    "@duckdb/node-bindings-linux-x64@1.2.0-alpha.15": {
      "integrity": "sha512-Fl4MKgpwBw9SKhci3EXnOKGBxcZw6nwSg481FkqPH3cMe2Qu6AbVhORVSgoacIWFQe7srVbd37fWKd+uM1bvqg=="
    },
    "@duckdb/node-bindings-win32-x64@1.2.0-alpha.15": {
      "integrity": "sha512-OueDaXe+zalmTz4Qiy6hfNkRIzVkOxLZj+l6OqsAx040hJVUCy8yDqRq1J7a1IzfiEobxBU4WBWGQEEyva/TqA=="
    },
    "@duckdb/node-bindings@1.2.0-alpha.15": {
      "integrity": "sha512-HJYfXbMaFRMkOI2dCxgBo9gMeXoe+BlieCI19U2f9fdrwWU2/nwAPHYxvtJJBPJ33eHCzA1ubJBtLsmXXujZSQ==",
      "dependencies": [
        "@duckdb/node-bindings-darwin-arm64",
        "@duckdb/node-bindings-darwin-x64",
        "@duckdb/node-bindings-linux-arm64",
        "@duckdb/node-bindings-linux-x64",
        "@duckdb/node-bindings-win32-x64"
      ]
    },
    "@gar/promisify@1.1.3": {
      "integrity": "sha512-k2Ty1JcVojjJFwrg/ThKi2ujJ7XNLYaFGNB/bWT9wGR+oSMJHMa5w+CUq6p/pVrKeNNgA7pCqEcjSnHVoqJQFw=="
    },
    "@isaacs/cliui@8.0.2": {
      "integrity": "sha512-O8jcjabXaleOG9DQ0+ARXWZBTfnP4WNAqzuiJK7ll44AmxGKv/J2M4TPjxjY3znBCfvBXFzucm1twdyFybFqEA==",
      "dependencies": [
        "string-width@5.1.2",
        "string-width-cjs@npm:string-width@4.2.3",
        "strip-ansi@7.1.0",
        "strip-ansi-cjs@npm:strip-ansi@6.0.1",
        "wrap-ansi@8.1.0",
        "wrap-ansi-cjs@npm:wrap-ansi@7.0.0"
      ]
    },
    "@isaacs/fs-minipass@4.0.1": {
      "integrity": "sha512-wgm9Ehl2jpeqP3zw/7mo3kRHFp5MEDhqAdwy1fTGkHAwnkGOVsgpvQhL8B5n1qlb01jV3n/bI0ZfZp5lWA1k4w==",
      "dependencies": [
        "minipass@7.1.2"
      ]
    },
    "@mapbox/node-pre-gyp@1.0.11": {
      "integrity": "sha512-Yhlar6v9WQgUp/He7BdgzOz8lqMQ8sU+jkCq7Wx8Myc5YFJLbEe7lgui/V7G1qB1DJykHSGwreceSaD60Y0PUQ==",
      "dependencies": [
        "detect-libc",
        "https-proxy-agent@5.0.1",
        "make-dir",
        "node-fetch",
        "nopt@5.0.0",
        "npmlog@5.0.1",
        "rimraf@3.0.2",
        "semver@7.7.1",
        "tar@6.2.1"
      ]
    },
    "@mapbox/node-pre-gyp@2.0.0": {
      "integrity": "sha512-llMXd39jtP0HpQLVI37Bf1m2ADlEb35GYSh1SDSLsBhR+5iCxiNGlT31yqbNtVHygHAtMy6dWFERpU2JgufhPg==",
      "dependencies": [
        "consola",
        "detect-libc",
        "https-proxy-agent@7.0.6",
        "node-fetch",
        "nopt@8.1.0",
        "semver@7.7.1",
        "tar@7.4.3"
      ]
    },
    "@npm/types@2.0.0": {
      "integrity": "sha512-4WqrAc16VKuD8ea+tT8QC/WO+hkn32Z9qMFrG1u3dIAEv3pn0DuIUc7uBpplDJLFIyV7gq1qtm3Yv6kAxJh8KA=="
    },
    "@npmcli/fs@2.1.2": {
      "integrity": "sha512-yOJKRvohFOaLqipNtwYB9WugyZKhC/DZC4VYPmpaCzDBrA8YpK3qHZ8/HGscMnE4GqbkLNuVcCnxkeQEdGt6LQ==",
      "dependencies": [
        "@gar/promisify",
        "semver@7.7.1"
      ]
    },
    "@npmcli/move-file@2.0.1": {
      "integrity": "sha512-mJd2Z5TjYWq/ttPLLGqArdtnC74J6bOzg4rMDnN+p1xTacZ2yPRCk2y0oSWQtygLR9YVQXgOcONrwtnk3JupxQ==",
      "dependencies": [
        "mkdirp@1.0.4",
        "rimraf@3.0.2"
      ]
    },
    "@pkgjs/parseargs@0.11.0": {
      "integrity": "sha512-+1VkjdD0QBLPodGrJUeqarH8VAIvQODIbwh9XpP5Syisf7YoQgsJKPNFoqqLQlu+VQ/tVSshMR6loPMn8U+dPg=="
    },
    "@rollup/rollup-linux-x64-gnu@4.34.8": {
      "integrity": "sha512-8y7ED8gjxITUltTUEJLQdgpbPh1sUQ0kMTmufRF/Ns5tI9TNMNlhWtmPKKHCU0SilX+3MJkZ0zERYYGIVBYHIA=="
    },
    "@swc/helpers@0.5.15": {
      "integrity": "sha512-JQ5TuMi45Owi4/BIMAJBoSQoOJu12oOk/gADqlcUL9JEdHB8vyjUSsxqeNXnmXHjYKMi2WcYtezGEEhqUI/E2g==",
      "dependencies": [
        "tslib"
      ]
    },
    "@tootallnate/once@2.0.0": {
      "integrity": "sha512-XCuKFP5PS55gnMVu3dty8KPatLqUoy/ZYzDzAGCQ8JNFCkLXzmI7vNHCR+XpbZaMWQK/vQubr7PkYq8g470J/A=="
    },
    "@types/command-line-args@5.2.3": {
      "integrity": "sha512-uv0aG6R0Y8WHZLTamZwtfsDLVRnOa+n+n5rEvFWL5Na5gZ8V2Teab/duDPFzIIIhs9qizDpcavCusCLJZu62Kw=="
    },
    "@types/command-line-usage@5.0.4": {
      "integrity": "sha512-BwR5KP3Es/CSht0xqBcUXS3qCAUVXwpRKsV2+arxeb65atasuXG9LykC9Ab10Cw3s2raH92ZqOeILaQbsB2ACg=="
    },
    "@types/node@20.17.19": {
      "integrity": "sha512-LEwC7o1ifqg/6r2gn9Dns0f1rhK+fPFDoMiceTJ6kWmVk6bgXBI/9IOWfVan4WiAavK9pIVWdX0/e3J+eEUh5A==",
      "dependencies": [
        "undici-types"
      ]
    },
    "@types/node@22.5.4": {
      "integrity": "sha512-FDuKUJQm/ju9fT/SeX/6+gBzoPzlVCzfzmGkwKvRHQVxi4BntVbyIwf6a4Xn62mrvndLiml6z/UBXIdEVjQLXg==",
      "dependencies": [
        "undici-types"
      ]
    },
    "abbrev@1.1.1": {
      "integrity": "sha512-nne9/IiQ/hzIhY6pdDnbBtz7DjPTKrY00P/zvPSm5pOFkl6xuGrGnXn/VtTNNfNtAfZ9/1RtehkszU9qcTii0Q=="
    },
    "abbrev@3.0.0": {
      "integrity": "sha512-+/kfrslGQ7TNV2ecmQwMJj/B65g5KVq1/L3SGVZ3tCYGqlzFuFCGBZJtMP99wH3NpEUyAjn0zPdPUg0D+DwrOA=="
    },
    "agent-base@6.0.2": {
      "integrity": "sha512-RZNwNclF7+MS/8bDg70amg32dyeZGZxiDuQmZxKLAlQjr3jGyLx+4Kkk58UO7D2QdgFIQCovuSuZESne6RG6XQ==",
      "dependencies": [
        "debug"
      ]
    },
    "agent-base@7.1.3": {
      "integrity": "sha512-jRR5wdylq8CkOe6hei19GGZnxM6rBGwFl3Bg0YItGDimvjGtAvdZk4Pu6Cl4u4Igsws4a1fd1Vq3ezrhn4KmFw=="
    },
    "agentkeepalive@4.6.0": {
      "integrity": "sha512-kja8j7PjmncONqaTsB8fQ+wE2mSU2DJ9D4XKoJ5PFWIdRMa6SLSN1ff4mOr4jCbfRSsxR4keIiySJU0N9T5hIQ==",
      "dependencies": [
        "humanize-ms"
      ]
    },
    "aggregate-error@3.1.0": {
      "integrity": "sha512-4I7Td01quW/RpocfNayFdFVk1qSuoh0E7JrbRJ16nH01HhKFQ88INq9Sd+nd72zqRySlr9BmDA8xlEJ6vJMrYA==",
      "dependencies": [
        "clean-stack",
        "indent-string"
      ]
    },
    "ansi-regex@5.0.1": {
      "integrity": "sha512-quJQXlTSUGL2LH9SUXo8VwsY4soanhgo6LNSm84E1LBcE8s3O0wpdiRzyR9z/ZZJMlMWv37qOOb9pdJlMUEKFQ=="
    },
    "ansi-regex@6.1.0": {
      "integrity": "sha512-7HSX4QQb4CspciLpVFwyRe79O3xsIZDDLER21kERQ71oaPodF8jL725AgJMFAYbooIqolJoRLuM81SpeUkpkvA=="
    },
    "ansi-styles@4.3.0": {
      "integrity": "sha512-zbB9rCJAT1rbjiVDb2hqKFHNYLxgtk8NURxZ3IZwD3F6NtxbXZQCnnSi1Lkx+IDohdPlFp222wVALIheZJQSEg==",
      "dependencies": [
        "color-convert"
      ]
    },
    "ansi-styles@6.2.1": {
      "integrity": "sha512-bN798gFfQX+viw3R7yrGWRqnrN2oRkEkUjjl4JNn4E8GxxbjtG3FbrEIIY3l8/hrwUwIeCZvi4QuOTP4MErVug=="
    },
    "apache-arrow@17.0.0": {
      "integrity": "sha512-X0p7auzdnGuhYMVKYINdQssS4EcKec9TCXyez/qtJt32DrIMGbzqiaMiQ0X6fQlQpw8Fl0Qygcv4dfRAr5Gu9Q==",
      "dependencies": [
        "@swc/helpers",
        "@types/command-line-args",
        "@types/command-line-usage",
        "@types/node@20.17.19",
        "command-line-args",
        "command-line-usage",
        "flatbuffers",
        "json-bignum",
        "tslib"
      ]
    },
    "aproba@2.0.0": {
      "integrity": "sha512-lYe4Gx7QT+MKGbDsA+Z+he/Wtef0BiwDOlK/XkBrdfsh9J/jPPXbX0tE9x9cl27Tmu5gg3QUbUrQYa/y+KOHPQ=="
    },
    "are-we-there-yet@2.0.0": {
      "integrity": "sha512-Ci/qENmwHnsYo9xKIcUJN5LeDKdJ6R1Z1j9V/J5wyq8nh/mYPEpIKJbBZXtZjG04HiK7zV/p6Vs9952MrMeUIw==",
      "dependencies": [
        "delegates",
        "readable-stream"
      ]
    },
    "are-we-there-yet@3.0.1": {
      "integrity": "sha512-QZW4EDmGwlYur0Yyf/b2uGucHQMa8aFUP7eu9ddR73vvhFyt4V0Vl3QHPcTNJ8l6qYOBdxgXdnBXQrHilfRQBg==",
      "dependencies": [
        "delegates",
        "readable-stream"
      ]
    },
    "argparse@2.0.1": {
      "integrity": "sha512-8+9WqebbFzpX9OR+Wa6O29asIogeRMzcGtAINdpMHHyAg10f05aSFVBbcEqGf/PXw1EjAZ+q2/bEBg3DvurK3Q=="
    },
    "array-back@3.1.0": {
      "integrity": "sha512-TkuxA4UCOvxuDK6NZYXCalszEzj+TLszyASooky+i742l9TqsOdYCMJJupxRic61hwquNtppB3hgcuq9SVSH1Q=="
    },
    "array-back@6.2.2": {
      "integrity": "sha512-gUAZ7HPyb4SJczXAMUXMGAvI976JoK3qEx9v1FTmeYuJj0IBiaKttG1ydtGKdkfqWkIkouke7nG8ufGy77+Cvw=="
    },
    "balanced-match@1.0.2": {
      "integrity": "sha512-3oSeUO0TMV67hN1AmbXsK4yaqU7tjiHlbxRDZOpH0KW9+CeX4bRAaX0Anxt0tx2MrpRpWwQaPwIlISEJhYU5Pw=="
    },
    "brace-expansion@1.1.11": {
      "integrity": "sha512-iCuPHDFgrHX7H2vEI/5xpz07zSHB00TpugqhmYtVmMO6518mCuRMoOYFldEBl0g187ufozdaHgWKcYFb61qGiA==",
      "dependencies": [
        "balanced-match",
        "concat-map"
      ]
    },
    "brace-expansion@2.0.1": {
      "integrity": "sha512-XnAIvQ8eM+kC6aULx6wuQiwVsnzsi9d3WxzV3FpWTGA19F621kwdbsAcFKXgKUHZWsy+mY6iL1sHTxWEFCytDA==",
      "dependencies": [
        "balanced-match"
      ]
    },
    "cacache@16.1.3": {
      "integrity": "sha512-/+Emcj9DAXxX4cwlLmRI9c166RuL3w30zp4R7Joiv2cQTtTtA+jeuCAjH3ZlGnYS3tKENSrKhAzVVP9GVyzeYQ==",
      "dependencies": [
        "@npmcli/fs",
        "@npmcli/move-file",
        "chownr@2.0.0",
        "fs-minipass",
        "glob@8.1.0",
        "infer-owner",
        "lru-cache@7.18.3",
        "minipass@3.3.6",
        "minipass-collect",
        "minipass-flush",
        "minipass-pipeline",
        "mkdirp@1.0.4",
        "p-map",
        "promise-inflight",
        "rimraf@3.0.2",
        "ssri",
        "tar@6.2.1",
        "unique-filename"
      ]
    },
    "chalk-template@0.4.0": {
      "integrity": "sha512-/ghrgmhfY8RaSdeo43hNXxpoHAtxdbskUHjPpfqUWGttFgycUhYPGx3YZBCnUCvOa7Doivn1IZec3DEGFoMgLg==",
      "dependencies": [
        "chalk"
      ]
    },
    "chalk@4.1.2": {
      "integrity": "sha512-oKnbhFyRIXpUuez8iBMmyEa4nbj4IOQyuhc/wy9kY7/WVPcwIO9VA668Pu8RkO7+0G76SLROeyw9CpQ061i4mA==",
      "dependencies": [
        "ansi-styles@4.3.0",
        "supports-color"
      ]
    },
    "chownr@2.0.0": {
      "integrity": "sha512-bIomtDF5KGpdogkLd9VspvFzk9KfpyyGlS8YFVZl7TGPBHL5snIOnxeshwVgPteQ9b4Eydl+pVbIyE1DcvCWgQ=="
    },
    "chownr@3.0.0": {
      "integrity": "sha512-+IxzY9BZOQd/XuYPRmrvEVjF/nqj5kgT4kEq7VofrDoM1MxoRjEWkrCC3EtLi59TVawxTAn+orJwFQcrqEN1+g=="
    },
    "clean-stack@2.2.0": {
      "integrity": "sha512-4diC9HaTE+KRAMWhDhrGOECgWZxoevMc5TlkObMqNSsVU62PYzXZ/SMTjzyGAFF1YusgxGcSWTEXBhp0CPwQ1A=="
    },
    "cmd-ts@0.13.0": {
      "integrity": "sha512-nsnxf6wNIM/JAS7T/x/1JmbEsjH0a8tezXqqpaL0O6+eV0/aDEnRxwjxpu0VzDdRcaC1ixGSbRlUuf/IU59I4g==",
      "dependencies": [
        "chalk",
        "debug",
        "didyoumean",
        "strip-ansi@6.0.1"
      ]
    },
    "color-convert@2.0.1": {
      "integrity": "sha512-RRECPsj7iu/xb5oKYcsFHSppFNnsj/52OVTRKb4zP5onXwVF3zVmmToNcOfGC+CRDpfK/U584fMg38ZHCaElKQ==",
      "dependencies": [
        "color-name"
      ]
    },
    "color-name@1.1.4": {
      "integrity": "sha512-dOy+3AuW3a2wNbZHIuMZpTcgjGuLU/uBL/ubcZF9OXbDo8ff4O8yVp5Bf0efS8uEoYo5q4Fx7dY9OgQGXgAsQA=="
    },
    "color-support@1.1.3": {
      "integrity": "sha512-qiBjkpbMLO/HL68y+lh4q0/O1MZFj2RX6X/KmMa3+gJD3z+WwI1ZzDHysvqHGS3mP6mznPckpXmw1nI9cJjyRg=="
    },
    "command-line-args@5.2.1": {
      "integrity": "sha512-H4UfQhZyakIjC74I9d34fGYDwk3XpSr17QhEd0Q3I9Xq1CETHo4Hcuo87WyWHpAF1aSLjLRf5lD9ZGX2qStUvg==",
      "dependencies": [
        "array-back@3.1.0",
        "find-replace",
        "lodash.camelcase",
        "typical@4.0.0"
      ]
    },
    "command-line-usage@7.0.3": {
      "integrity": "sha512-PqMLy5+YGwhMh1wS04mVG44oqDsgyLRSKJBdOo1bnYhMKBW65gZF1dRp2OZRhiTjgUHljy99qkO7bsctLaw35Q==",
      "dependencies": [
        "array-back@6.2.2",
        "chalk-template",
        "table-layout",
        "typical@7.3.0"
      ]
    },
    "commander@13.1.0": {
      "integrity": "sha512-/rFeCpNJQbhSZjGVwO9RFV3xPqbnERS8MmIQzCtD/zl6gpJuV/bMLuN92oG3F7d8oDEHHRrujSXNUr8fpjntKw=="
    },
    "concat-map@0.0.1": {
      "integrity": "sha512-/Srv4dswyQNBfohGpz9o6Yb3Gz3SrUDqBH5rTuhGR7ahtlbYKnVxw2bCFMRljaA7EXHaXZ8wsHdodFvbkhKmqg=="
    },
    "consola@3.4.0": {
      "integrity": "sha512-EiPU8G6dQG0GFHNR8ljnZFki/8a+cQwEQ+7wpxdChl02Q8HXlwEZWD5lqAF8vC2sEC3Tehr8hy7vErz88LHyUA=="
    },
    "console-control-strings@1.1.0": {
      "integrity": "sha512-ty/fTekppD2fIwRvnZAVdeOiGd1c7YXEixbgJTNzqcxJWKQnjJ/V1bNEEE6hygpM3WjwHFUVK6HTjWSzV4a8sQ=="
    },
    "cross-spawn@7.0.6": {
      "integrity": "sha512-uV2QOWP2nWzsy2aMp8aRibhi9dlzF5Hgh5SHaB9OiTGEyDTiJJyx0uy51QXdyWbtAHNua4XJzUKca3OzKUd3vA==",
      "dependencies": [
        "path-key",
        "shebang-command",
        "which"
      ]
    },
    "debug@4.4.0": {
      "integrity": "sha512-6WTZ/IxCY/T6BALoZHaE4ctp9xm+Z5kY/pzYaCHRFeyVhojxlrm+46y68HA6hr0TcwEssoxNiDEUJQjfPZ/RYA==",
      "dependencies": [
        "ms"
      ]
    },
    "delegates@1.0.0": {
      "integrity": "sha512-bd2L678uiWATM6m5Z1VzNCErI3jiGzt6HGY8OVICs40JQq/HALfbyNJmp0UDakEY4pMMaN0Ly5om/B1VI/+xfQ=="
    },
    "detect-libc@2.0.3": {
      "integrity": "sha512-bwy0MGW55bG41VqxxypOsdSdGqLwXPI/focwgTYCFMbdUiBAxLg9CFzG08sz2aqzknwiX7Hkl0bQENjg8iLByw=="
    },
    "didyoumean@1.2.2": {
      "integrity": "sha512-gxtyfqMg7GKyhQmb056K7M3xszy/myH8w+B4RT+QXBQsvAOdc3XymqDDPHx1BgPgsdAA5SIifona89YtRATDzw=="
    },
    "duckdb@1.1.1": {
      "integrity": "sha512-cFT+zsduuanxQsq7TlgIdmRREkRYb0EUQlj4hgilM0yBnJbt+i0r6Qu30aWd2gr9/bkmOuaamswBCroH/27LVA==",
      "dependencies": [
        "@mapbox/node-pre-gyp@1.0.11",
        "node-addon-api",
        "node-gyp"
      ]
    },
    "duckdb@1.2.0": {
      "integrity": "sha512-zAHHRTMoZhWIwvOsyNkgV9c1nq0gR0j+ZyX0uTCRFZTNOlYO4lnErP5Fddt/6iKMXsTNL9v1oTG9E76S5jMh7w==",
      "dependencies": [
        "@mapbox/node-pre-gyp@2.0.0",
        "node-addon-api",
        "node-gyp"
      ]
    },
    "eastasianwidth@0.2.0": {
      "integrity": "sha512-I88TYZWc9XiYHRQ4/3c5rjjfgkjhLyW2luGIheGERbNQ6OY7yTybanSpDXZa8y7VUP9YmDcYa+eyq4ca7iLqWA=="
    },
    "emoji-regex@8.0.0": {
      "integrity": "sha512-MSjYzcWNOA0ewAHpz0MxpYFvwg6yjy1NG3xteoqz644VCo/RPgnr1/GGt+ic3iJTzQ8Eu3TdM14SawnVUmGE6A=="
    },
    "emoji-regex@9.2.2": {
      "integrity": "sha512-L18DaJsXSUk2+42pv8mLs5jJT2hqFkFE4j21wOmgbUqsZ2hL72NsUU785g9RXgo3s0ZNgVl42TiHp3ZtOv/Vyg=="
    },
    "encoding@0.1.13": {
      "integrity": "sha512-ETBauow1T35Y/WZMkio9jiM0Z5xjHHmJ4XmjZOq1l/dXz3lr2sRn87nJy20RupqSh1F2m3HHPSp8ShIPQJrJ3A==",
      "dependencies": [
        "iconv-lite"
      ]
    },
    "env-paths@2.2.1": {
      "integrity": "sha512-+h1lkLKhZMTYjog1VEpJNG7NZJWcuc2DDk/qsqSTRRCOXiLjeQ1d1/udrUGhqMxUgAlwKNZ0cf2uqan5GLuS2A=="
    },
    "err-code@2.0.3": {
      "integrity": "sha512-2bmlRpNKBxT/CRmPOlyISQpNj+qSeYvcym/uT0Jx2bMOlKLtSy1ZmLuVxSEKKyor/N5yhvp/ZiG1oE3DEYMSFA=="
    },
    "exponential-backoff@3.1.2": {
      "integrity": "sha512-8QxYTVXUkuy7fIIoitQkPwGonB8F3Zj8eEO8Sqg9Zv/bkI7RJAzowee4gr81Hak/dUTpA2Z7VfQgoijjPNlUZA=="
    },
    "find-replace@3.0.0": {
      "integrity": "sha512-6Tb2myMioCAgv5kfvP5/PkZZ/ntTpVK39fHY7WkWBgvbeE+VHd/tZuZ4mrC+bxh4cfOZeYKVPaJIZtZXV7GNCQ==",
      "dependencies": [
        "array-back@3.1.0"
      ]
    },
    "flatbuffers@24.12.23": {
      "integrity": "sha512-dLVCAISd5mhls514keQzmEG6QHmUUsNuWsb4tFafIUwvvgDjXhtfAYSKOzt5SWOy+qByV5pbsDZ+Vb7HUOBEdA=="
    },
    "foreground-child@3.3.0": {
      "integrity": "sha512-Ld2g8rrAyMYFXBhEqMz8ZAHBi4J4uS1i/CxGMDnjyFWddMXLVcDp051DZfu+t7+ab7Wv6SMqpWmyFIj5UbfFvg==",
      "dependencies": [
        "cross-spawn",
        "signal-exit@4.1.0"
      ]
    },
    "fs-minipass@2.1.0": {
      "integrity": "sha512-V/JgOLFCS+R6Vcq0slCuaeWEdNC3ouDlJMNIsacH2VtALiu9mV4LPrHc5cDl8k5aw6J8jwgWWpiTo5RYhmIzvg==",
      "dependencies": [
        "minipass@3.3.6"
      ]
    },
    "fs.realpath@1.0.0": {
      "integrity": "sha512-OO0pH2lK6a0hZnAdau5ItzHPI6pUlvI7jMVnxUQRtw4owF2wk8lOSabtGDCTP4Ggrg2MbGnWO9X8K1t4+fGMDw=="
    },
    "fs@0.0.1-security": {
      "integrity": "sha512-3XY9e1pP0CVEUCdj5BmfIZxRBTSDycnbqhIOGec9QYtmVH2fbLpj86CFWkrNOkt/Fvty4KZG5lTglL9j/gJ87w=="
    },
    "gauge@3.0.2": {
      "integrity": "sha512-+5J6MS/5XksCuXq++uFRsnUd7Ovu1XenbeuIuNRJxYWjgQbPuFhT14lAvsWfqfAmnwluf1OwMjz39HjfLPci0Q==",
      "dependencies": [
        "aproba",
        "color-support",
        "console-control-strings",
        "has-unicode",
        "object-assign",
        "signal-exit@3.0.7",
        "string-width@4.2.3",
        "strip-ansi@6.0.1",
        "wide-align"
      ]
    },
    "gauge@4.0.4": {
      "integrity": "sha512-f9m+BEN5jkg6a0fZjleidjN51VE1X+mPFQ2DJ0uv1V39oCLCbsGe6yjbBnp7eK7z/+GAon99a3nHuqbuuthyPg==",
      "dependencies": [
        "aproba",
        "color-support",
        "console-control-strings",
        "has-unicode",
        "signal-exit@3.0.7",
        "string-width@4.2.3",
        "strip-ansi@6.0.1",
        "wide-align"
      ]
    },
    "glob@10.4.5": {
      "integrity": "sha512-7Bv8RF0k6xjo7d4A/PxYLbUCfb6c+Vpd2/mB2yRDlew7Jb5hEXiCD9ibfO7wpk8i4sevK6DFny9h7EYbM3/sHg==",
      "dependencies": [
        "foreground-child",
        "jackspeak",
        "minimatch@9.0.5",
        "minipass@7.1.2",
        "package-json-from-dist",
        "path-scurry"
      ]
    },
    "glob@7.2.3": {
      "integrity": "sha512-nFR0zLpU2YCaRxwoCJvL6UvCH2JFyFVIvwTLsIf21AuHlMskA1hhTdk+LlYJtOlYt9v6dvszD2BGRqBL+iQK9Q==",
      "dependencies": [
        "fs.realpath",
        "inflight",
        "inherits",
        "minimatch@3.1.2",
        "once",
        "path-is-absolute"
      ]
    },
    "glob@8.1.0": {
      "integrity": "sha512-r8hpEjiQEYlF2QU0df3dS+nxxSIreXQS1qRhMJM0Q5NDdR386C7jb7Hwwod8Fgiuex+k0GFjgft18yvxm5XoCQ==",
      "dependencies": [
        "fs.realpath",
        "inflight",
        "inherits",
        "minimatch@5.1.6",
        "once"
      ]
    },
    "graceful-fs@4.2.11": {
      "integrity": "sha512-RbJ5/jmFcNNCcDV5o9eTnBLJ/HszWV0P73bc+Ff4nS/rJj+YaS6IGyiOL0VoBYX+l1Wrl3k63h/KrH+nhJ0XvQ=="
    },
    "has-flag@4.0.0": {
      "integrity": "sha512-EykJT/Q1KjTWctppgIAgfSO0tKVuZUjhgMr17kqTumMl6Afv3EISleU7qZUzoXDFTAHTDC4NOoG/ZxU3EvlMPQ=="
    },
    "has-unicode@2.0.1": {
      "integrity": "sha512-8Rf9Y83NBReMnx0gFzA8JImQACstCYWUplepDa9xprwwtmgEZUF0h/i5xSA625zB/I37EtrswSST6OXxwaaIJQ=="
    },
    "http-cache-semantics@4.1.1": {
      "integrity": "sha512-er295DKPVsV82j5kw1Gjt+ADA/XYHsajl82cGNQG2eyoPkvgUhX+nDIyelzhIWbbsXP39EHcI6l5tYs2FYqYXQ=="
    },
    "http-proxy-agent@5.0.0": {
      "integrity": "sha512-n2hY8YdoRE1i7r6M0w9DIw5GgZN0G25P8zLCRQ8rjXtTU3vsNFBI/vWK/UIeE6g5MUUz6avwAPXmL6Fy9D/90w==",
      "dependencies": [
        "@tootallnate/once",
        "agent-base@6.0.2",
        "debug"
      ]
    },
    "https-proxy-agent@5.0.1": {
      "integrity": "sha512-dFcAjpTQFgoLMzC2VwU+C/CbS7uRL0lWmxDITmqm7C+7F0Odmj6s9l6alZc6AELXhrnggM2CeWSXHGOdX2YtwA==",
      "dependencies": [
        "agent-base@6.0.2",
        "debug"
      ]
    },
    "https-proxy-agent@7.0.6": {
      "integrity": "sha512-vK9P5/iUfdl95AI+JVyUuIcVtd4ofvtrOr3HNtM2yxC9bnMbEdp3x01OhQNnjb8IJYi38VlTE3mBXwcfvywuSw==",
      "dependencies": [
        "agent-base@7.1.3",
        "debug"
      ]
    },
    "humanize-ms@1.2.1": {
      "integrity": "sha512-Fl70vYtsAFb/C06PTS9dZBo7ihau+Tu/DNCk/OyHhea07S+aeMWpFFkUaXRa8fI+ScZbEI8dfSxwY7gxZ9SAVQ==",
      "dependencies": [
        "ms"
      ]
    },
    "iconv-lite@0.6.3": {
      "integrity": "sha512-4fCk79wshMdzMp2rH06qWrJE4iolqLhCUH+OiuIgU++RB0+94NlDL81atO7GX55uUKueo0txHNtvEyI6D7WdMw==",
      "dependencies": [
        "safer-buffer"
      ]
    },
    "imurmurhash@0.1.4": {
      "integrity": "sha512-JmXMZ6wuvDmLiHEml9ykzqO6lwFbof0GG4IkcGaENdCRDDmMVnny7s5HsIgHCbaq0w2MyPhDqkhTUgS2LU2PHA=="
    },
    "indent-string@4.0.0": {
      "integrity": "sha512-EdDDZu4A2OyIK7Lr/2zG+w5jmbuk1DVBnEwREQvBzspBJkCEbRa8GxU1lghYcaGJCnRWibjDXlq779X1/y5xwg=="
    },
    "infer-owner@1.0.4": {
      "integrity": "sha512-IClj+Xz94+d7irH5qRyfJonOdfTzuDaifE6ZPWfx0N0+/ATZCbuTPq2prFl526urkQd90WyUKIh1DfBQ2hMz9A=="
    },
    "inflight@1.0.6": {
      "integrity": "sha512-k92I/b08q4wvFscXCLvqfsHCrjrF7yiXsQuIVvVE7N82W3+aqpzuUdBbfhWcy/FZR3/4IgflMgKLOsvPDrGCJA==",
      "dependencies": [
        "once",
        "wrappy"
      ]
    },
    "inherits@2.0.4": {
      "integrity": "sha512-k/vGaX4/Yla3WzyMCvTQOXYeIHvqOKtnqBduzTHpzpQZzAskKMhZ2K+EnBiSM9zGSoIFeMpXKxa4dYeZIQqewQ=="
    },
    "ip-address@9.0.5": {
      "integrity": "sha512-zHtQzGojZXTwZTHQqra+ETKd4Sn3vgi7uBmlPoXVWZqYvuKmtI0l/VZTjqGmJY9x88GGOaZ9+G9ES8hC4T4X8g==",
      "dependencies": [
        "jsbn",
        "sprintf-js"
      ]
    },
    "is-fullwidth-code-point@3.0.0": {
      "integrity": "sha512-zymm5+u+sCsSWyD9qNaejV3DFvhCKclKdizYaJUuHA83RLjb7nSuGnddCHGv0hk+KY7BMAlsWeK4Ueg6EV6XQg=="
    },
    "is-lambda@1.0.1": {
      "integrity": "sha512-z7CMFGNrENq5iFB9Bqo64Xk6Y9sg+epq1myIcdHaGnbMTYOxvzsEtdYqQUylB7LxfkvgrrjP32T6Ywciio9UIQ=="
    },
    "isexe@2.0.0": {
      "integrity": "sha512-RHxMLp9lnKHGHRng9QFhRCMbYAcVpn69smSGcq3f36xjgVVWThj4qqLbTLlq7Ssj8B+fIQ1EuCEGI2lKsyQeIw=="
    },
    "jackspeak@3.4.3": {
      "integrity": "sha512-OGlZQpz2yfahA/Rd1Y8Cd9SIEsqvXkLVoSw/cgwhnhFMDbsQFeZYoJJ7bIZBS9BcamUW96asq/npPWugM+RQBw==",
      "dependencies": [
        "@isaacs/cliui",
        "@pkgjs/parseargs"
      ]
    },
    "js-yaml@4.1.0": {
      "integrity": "sha512-wpxZs9NoxZaJESJGIZTyDEaYpl0FKSA+FB9aJiyemKhMwkxQg63h4T1KJgUGHpTqPDNRcmmYLugrRjJlBtWvRA==",
      "dependencies": [
        "argparse"
      ]
    },
    "jsbn@1.1.0": {
      "integrity": "sha512-4bYVV3aAMtDTTu4+xsDYa6sy9GyJ69/amsu9sYF2zqjiEoZA5xJi3BrfX3uY+/IekIu7MwdObdbDWpoZdBv3/A=="
    },
    "json-bignum@0.0.3": {
      "integrity": "sha512-2WHyXj3OfHSgNyuzDbSxI1w2jgw5gkWSWhS7Qg4bWXx1nLk3jnbwfUeS0PSba3IzpTUWdHxBieELUzXRjQB2zg=="
    },
    "lodash.camelcase@4.3.0": {
      "integrity": "sha512-TwuEnCnxbc3rAvhf/LbG7tJUDzhqXyFnv3dtzLOPgCG/hODL7WFnsbwktkD7yUV0RrreP/l1PALq/YSg6VvjlA=="
    },
    "lru-cache@10.4.3": {
      "integrity": "sha512-JNAzZcXrCt42VGLuYz0zfAzDfAvJWW6AfYlDBQyDV5DClI2m5sAmK+OIO7s59XfsRsWHp02jAJrRadPRGTt6SQ=="
    },
    "lru-cache@7.18.3": {
      "integrity": "sha512-jumlc0BIUrS3qJGgIkWZsyfAM7NCWiBcCDhnd+3NNM5KbBmLTgHVfWBcg6W+rLUsIpzpERPsvwUP7CckAQSOoA=="
    },
    "make-dir@3.1.0": {
      "integrity": "sha512-g3FeP20LNwhALb/6Cz6Dd4F2ngze0jz7tbzrD2wAV+o9FeNHe4rL+yK2md0J/fiSf1sa1ADhXqi5+oVwOM/eGw==",
      "dependencies": [
        "semver@6.3.1"
      ]
    },
    "make-fetch-happen@10.2.1": {
      "integrity": "sha512-NgOPbRiaQM10DYXvN3/hhGVI2M5MtITFryzBGxHM5p4wnFxsVCbxkrBrDsk+EZ5OB4jEOT7AjDxtdF+KVEFT7w==",
      "dependencies": [
        "agentkeepalive",
        "cacache",
        "http-cache-semantics",
        "http-proxy-agent",
        "https-proxy-agent@5.0.1",
        "is-lambda",
        "lru-cache@7.18.3",
        "minipass@3.3.6",
        "minipass-collect",
        "minipass-fetch",
        "minipass-flush",
        "minipass-pipeline",
        "negotiator",
        "promise-retry",
        "socks-proxy-agent",
        "ssri"
      ]
    },
    "minimatch@3.1.2": {
      "integrity": "sha512-J7p63hRiAjw1NDEww1W7i37+ByIrOWO5XQQAzZ3VOcL0PNybwpfmV/N05zFAzwQ9USyEcX6t3UO+K5aqBQOIHw==",
      "dependencies": [
        "brace-expansion@1.1.11"
      ]
    },
    "minimatch@5.1.6": {
      "integrity": "sha512-lKwV/1brpG6mBUFHtb7NUmtABCb2WZZmm2wNiOA5hAb8VdCS4B3dtMWyvcoViccwAW/COERjXLt0zP1zXUN26g==",
      "dependencies": [
        "brace-expansion@2.0.1"
      ]
    },
    "minimatch@9.0.5": {
      "integrity": "sha512-G6T0ZX48xgozx7587koeX9Ys2NYy6Gmv//P89sEte9V9whIapMNF4idKxnW2QtCcLiTWlb/wfCabAtAFWhhBow==",
      "dependencies": [
        "brace-expansion@2.0.1"
      ]
    },
    "minipass-collect@1.0.2": {
      "integrity": "sha512-6T6lH0H8OG9kITm/Jm6tdooIbogG9e0tLgpY6mphXSm/A9u8Nq1ryBG+Qspiub9LjWlBPsPS3tWQ/Botq4FdxA==",
      "dependencies": [
        "minipass@3.3.6"
      ]
    },
    "minipass-fetch@2.1.2": {
      "integrity": "sha512-LT49Zi2/WMROHYoqGgdlQIZh8mLPZmOrN2NdJjMXxYe4nkN6FUyuPuOAOedNJDrx0IRGg9+4guZewtp8hE6TxA==",
      "dependencies": [
        "encoding",
        "minipass@3.3.6",
        "minipass-sized",
        "minizlib@2.1.2"
      ]
    },
    "minipass-flush@1.0.5": {
      "integrity": "sha512-JmQSYYpPUqX5Jyn1mXaRwOda1uQ8HP5KAT/oDSLCzt1BYRhQU0/hDtsB1ufZfEEzMZ9aAVmsBw8+FWsIXlClWw==",
      "dependencies": [
        "minipass@3.3.6"
      ]
    },
    "minipass-pipeline@1.2.4": {
      "integrity": "sha512-xuIq7cIOt09RPRJ19gdi4b+RiNvDFYe5JH+ggNvBqGqpQXcru3PcRmOZuHBKWK1Txf9+cQ+HMVN4d6z46LZP7A==",
      "dependencies": [
        "minipass@3.3.6"
      ]
    },
    "minipass-sized@1.0.3": {
      "integrity": "sha512-MbkQQ2CTiBMlA2Dm/5cY+9SWFEN8pzzOXi6rlM5Xxq0Yqbda5ZQy9sU75a673FE9ZK0Zsbr6Y5iP6u9nktfg2g==",
      "dependencies": [
        "minipass@3.3.6"
      ]
    },
    "minipass@3.3.6": {
      "integrity": "sha512-DxiNidxSEK+tHG6zOIklvNOwm3hvCrbUrdtzY74U6HKTJxvIDfOUL5W5P2Ghd3DTkhhKPYGqeNUIh5qcM4YBfw==",
      "dependencies": [
        "yallist@4.0.0"
      ]
    },
    "minipass@5.0.0": {
      "integrity": "sha512-3FnjYuehv9k6ovOEbyOswadCDPX1piCfhV8ncmYtHOjuPwylVWsghTLo7rabjC3Rx5xD4HDx8Wm1xnMF7S5qFQ=="
    },
    "minipass@7.1.2": {
      "integrity": "sha512-qOOzS1cBTWYF4BH8fVePDBOO9iptMnGUEZwNc/cMWnTV2nVLZ7VoNWEPHkYczZA0pdoA7dl6e7FL659nX9S2aw=="
    },
    "minizlib@2.1.2": {
      "integrity": "sha512-bAxsR8BVfj60DWXHE3u30oHzfl4G7khkSuPW+qvpd7jFRHm7dLxOjUk1EHACJ/hxLY8phGJ0YhYHZo7jil7Qdg==",
      "dependencies": [
        "minipass@3.3.6",
        "yallist@4.0.0"
      ]
    },
    "minizlib@3.0.1": {
      "integrity": "sha512-umcy022ILvb5/3Djuu8LWeqUa8D68JaBzlttKeMWen48SjabqS3iY5w/vzeMzMUNhLDifyhbOwKDSznB1vvrwg==",
      "dependencies": [
        "minipass@7.1.2",
        "rimraf@5.0.10"
      ]
    },
    "mkdirp@1.0.4": {
      "integrity": "sha512-vVqVZQyf3WLx2Shd0qJ9xuvqgAyKPLAiqITEtqW0oIUjzo3PePDd6fW9iFz30ef7Ysp/oiWqbhszeGWW2T6Gzw=="
    },
    "mkdirp@3.0.1": {
      "integrity": "sha512-+NsyUUAZDmo6YVHzL/stxSu3t9YS1iljliy3BSDrXJ/dkn1KYdmtZODGGjLcc9XLgVVpH4KshHB8XmZgMhaBXg=="
    },
    "ms@2.1.3": {
      "integrity": "sha512-6FlzubTLZG3J2a/NVCAleEhjzq5oxgHyaCU9yYXvcLsvoVaHJq/s5xXI6/XXP6tz7R9xAOtHnSO/tXtF3WRTlA=="
    },
    "negotiator@0.6.4": {
      "integrity": "sha512-myRT3DiWPHqho5PrJaIRyaMv2kgYf0mUVgBNOYMuCH5Ki1yEiQaf/ZJuQ62nvpc44wL5WDbTX7yGJi1Neevw8w=="
    },
    "neverthrow@8.2.0": {
      "integrity": "sha512-kOCT/1MCPAxY5iUV3wytNFUMUolzuwd/VF/1KCx7kf6CutrOsTie+84zTGTpgQycjvfLdBBdvBvFLqFD2c0wkQ==",
      "dependencies": [
        "@rollup/rollup-linux-x64-gnu"
      ]
    },
    "node-addon-api@7.1.1": {
      "integrity": "sha512-5m3bsyrjFWE1xf7nz7YXdN4udnVtXK6/Yfgn5qnahL6bCkf2yKt4k3nuTKAtT4r3IG8JNR2ncsIMdZuAzJjHQQ=="
    },
    "node-fetch@2.7.0": {
      "integrity": "sha512-c4FRfUm/dbcWZ7U+1Wq0AwCyFL+3nt2bEw05wfxSz+DWpWsitgmSgYmy2dQdWyKC1694ELPqMs/YzUSNozLt8A==",
      "dependencies": [
        "whatwg-url"
      ]
    },
    "node-gyp@9.4.1": {
      "integrity": "sha512-OQkWKbjQKbGkMf/xqI1jjy3oCTgMKJac58G2+bjZb3fza6gW2YrCSdMQYaoTb70crvE//Gngr4f0AgVHmqHvBQ==",
      "dependencies": [
        "env-paths",
        "exponential-backoff",
        "glob@7.2.3",
        "graceful-fs",
        "make-fetch-happen",
        "nopt@6.0.0",
        "npmlog@6.0.2",
        "rimraf@3.0.2",
        "semver@7.7.1",
        "tar@6.2.1",
        "which"
      ]
    },
    "nopt@5.0.0": {
      "integrity": "sha512-Tbj67rffqceeLpcRXrT7vKAN8CwfPeIBgM7E6iBkmKLV7bEMwpGgYLGv0jACUsECaa/vuxP0IjEont6umdMgtQ==",
      "dependencies": [
        "abbrev@1.1.1"
      ]
    },
    "nopt@6.0.0": {
      "integrity": "sha512-ZwLpbTgdhuZUnZzjd7nb1ZV+4DoiC6/sfiVKok72ym/4Tlf+DFdlHYmT2JPmcNNWV6Pi3SDf1kT+A4r9RTuT9g==",
      "dependencies": [
        "abbrev@1.1.1"
      ]
    },
    "nopt@8.1.0": {
      "integrity": "sha512-ieGu42u/Qsa4TFktmaKEwM6MQH0pOWnaB3htzh0JRtx84+Mebc0cbZYN5bC+6WTZ4+77xrL9Pn5m7CV6VIkV7A==",
      "dependencies": [
        "abbrev@3.0.0"
      ]
    },
    "npmlog@5.0.1": {
      "integrity": "sha512-AqZtDUWOMKs1G/8lwylVjrdYgqA4d9nu8hc+0gzRxlDb1I10+FHBGMXs6aiQHFdCUUlqH99MUMuLfzWDNDtfxw==",
      "dependencies": [
        "are-we-there-yet@2.0.0",
        "console-control-strings",
        "gauge@3.0.2",
        "set-blocking"
      ]
    },
    "npmlog@6.0.2": {
      "integrity": "sha512-/vBvz5Jfr9dT/aFWd0FIRf+T/Q2WBsLENygUaFUqstqsycmZAP/t5BvFJTK0viFmSUxiUKTUplWy5vt+rvKIxg==",
      "dependencies": [
        "are-we-there-yet@3.0.1",
        "console-control-strings",
        "gauge@4.0.4",
        "set-blocking"
      ]
    },
    "object-assign@4.1.1": {
      "integrity": "sha512-rJgTQnkUnH1sFw8yT6VSU3zD3sWmu6sZhIseY8VX+GRu3P6F7Fu+JNDoXfklElbLJSnc3FUQHVe4cU5hj+BcUg=="
    },
    "once@1.4.0": {
      "integrity": "sha512-lNaJgI+2Q5URQBkccEKHTQOPaXdUxnZZElQTZY0MFUAuaEqe1E+Nyvgdz/aIyNi6Z9MzO5dv1H8n58/GELp3+w==",
      "dependencies": [
        "wrappy"
      ]
    },
    "p-map@4.0.0": {
      "integrity": "sha512-/bjOqmgETBYB5BoEeGVea8dmvHb2m9GLy1E9W43yeyfP6QQCZGFNa+XRceJEuDB6zqr+gKpIAmlLebMpykw/MQ==",
      "dependencies": [
        "aggregate-error"
      ]
    },
    "package-json-from-dist@1.0.1": {
      "integrity": "sha512-UEZIS3/by4OC8vL3P2dTXRETpebLI2NiI5vIrjaD/5UtrkFX/tNbwjTSRAGC/+7CAo2pIcBaRgWmcBBHcsaCIw=="
    },
    "path-is-absolute@1.0.1": {
      "integrity": "sha512-AVbw3UJ2e9bq64vSaS9Am0fje1Pa8pbGqTTsmXfaIiMpnr5DlDhfJOuLj9Sf95ZPVDAUerDfEk88MPmPe7UCQg=="
    },
    "path-key@3.1.1": {
      "integrity": "sha512-ojmeN0qd+y0jszEtoY48r0Peq5dwMEkIlCOu6Q5f41lfkswXuKtYrhgoTpLnyIcHm24Uhqx+5Tqm2InSwLhE6Q=="
    },
    "path-scurry@1.11.1": {
      "integrity": "sha512-Xa4Nw17FS9ApQFJ9umLiJS4orGjm7ZzwUrwamcGQuHSzDyth9boKDaycYdDcZDuqYATXw4HFXgaqWTctW/v1HA==",
      "dependencies": [
        "lru-cache@10.4.3",
        "minipass@7.1.2"
      ]
    },
    "promise-inflight@1.0.1": {
      "integrity": "sha512-6zWPyEOFaQBJYcGMHBKTKJ3u6TBsnMFOIZSa6ce1e/ZrrsOlnHRHbabMjLiBYKp+n44X9eUI6VUPaukCXHuG4g=="
    },
    "promise-retry@2.0.1": {
      "integrity": "sha512-y+WKFlBR8BGXnsNlIHFGPZmyDf3DFMoLhaflAnyZgV6rG6xu+JwesTo2Q9R6XwYmtmwAFCkAk3e35jEdoeh/3g==",
      "dependencies": [
        "err-code",
        "retry"
      ]
    },
    "readable-stream@3.6.2": {
      "integrity": "sha512-9u/sniCrY3D5WdsERHzHE4G2YCXqoG5FTHUiCC4SIbr6XcLZBY05ya9EKjYek9O5xOAwjGq+1JdGBAS7Q9ScoA==",
      "dependencies": [
        "inherits",
        "string_decoder",
        "util-deprecate"
      ]
    },
    "retry@0.12.0": {
      "integrity": "sha512-9LkiTwjUh6rT555DtE9rTX+BKByPfrMzEAtnlEtdEwr3Nkffwiihqe2bWADg+OQRjt9gl6ICdmB/ZFDCGAtSow=="
    },
    "rimraf@3.0.2": {
      "integrity": "sha512-JZkJMZkAGFFPP2YqXZXPbMlMBgsxzE8ILs4lMIX/2o0L9UBw9O/Y3o6wFw/i9YLapcUJWwqbi3kdxIPdC62TIA==",
      "dependencies": [
        "glob@7.2.3"
      ]
    },
    "rimraf@5.0.10": {
      "integrity": "sha512-l0OE8wL34P4nJH/H2ffoaniAokM2qSmrtXHmlpvYr5AVVX8msAyW0l8NVJFDxlSK4u3Uh/f41cQheDVdnYijwQ==",
      "dependencies": [
        "glob@10.4.5"
      ]
    },
    "safe-buffer@5.2.1": {
      "integrity": "sha512-rp3So07KcdmmKbGvgaNxQSJr7bGVSVk5S9Eq1F+ppbRo70+YeaDxkw5Dd8NPN+GD6bjnYm2VuPuCXmpuYvmCXQ=="
    },
    "safer-buffer@2.1.2": {
      "integrity": "sha512-YZo3K82SD7Riyi0E1EQPojLz7kpepnSQI9IyPbHHg1XXXevb5dJI7tpyN2ADxGcQbHG7vcyRHk0cbwqcQriUtg=="
    },
    "semver@6.3.1": {
      "integrity": "sha512-BR7VvDCVHO+q2xBEWskxS6DJE1qRnb7DxzUrogb71CWoSficBxYsiAGd+Kl0mmq/MprG9yArRkyrQxTO6XjMzA=="
    },
    "semver@7.7.1": {
      "integrity": "sha512-hlq8tAfn0m/61p4BVRcPzIGr6LKiMwo4VM6dGi6pt4qcRkmNzTcWq6eCEjEh+qXjkMDvPlOFFSGwQjoEa6gyMA=="
    },
    "set-blocking@2.0.0": {
      "integrity": "sha512-KiKBS8AnWGEyLzofFfmvKwpdPzqiy16LvQfK3yv/fVH7Bj13/wl3JSR1J+rfgRE9q7xUJK4qvgS8raSOeLUehw=="
    },
    "shebang-command@2.0.0": {
      "integrity": "sha512-kHxr2zZpYtdmrN1qDjrrX/Z1rR1kG8Dx+gkpK1G4eXmvXswmcE1hTWBWYUzlraYw1/yZp6YuDY77YtvbN0dmDA==",
      "dependencies": [
        "shebang-regex"
      ]
    },
    "shebang-regex@3.0.0": {
      "integrity": "sha512-7++dFhtcx3353uBaq8DDR4NuxBetBzC7ZQOhmTQInHEd6bSrXdiEyzCvG07Z44UYdLShWUyXt5M/yhz8ekcb1A=="
    },
    "signal-exit@3.0.7": {
      "integrity": "sha512-wnD2ZE+l+SPC/uoS0vXeE9L1+0wuaMqKlfz9AMUo38JsyLSBWSFcHR1Rri62LZc12vLr1gb3jl7iwQhgwpAbGQ=="
    },
    "signal-exit@4.1.0": {
      "integrity": "sha512-bzyZ1e88w9O1iNJbKnOlvYTrWPDl46O1bG0D3XInv+9tkPrxrN8jUUTiFlDkkmKWgn1M6CfIA13SuGqOa9Korw=="
    },
    "smart-buffer@4.2.0": {
      "integrity": "sha512-94hK0Hh8rPqQl2xXc3HsaBoOXKV20MToPkcXvwbISWLEs+64sBq5kFgn2kJDHb1Pry9yrP0dxrCI9RRci7RXKg=="
    },
    "socks-proxy-agent@7.0.0": {
      "integrity": "sha512-Fgl0YPZ902wEsAyiQ+idGd1A7rSFx/ayC1CQVMw5P+EQx2V0SgpGtf6OKFhVjPflPUl9YMmEOnmfjCdMUsygww==",
      "dependencies": [
        "agent-base@6.0.2",
        "debug",
        "socks"
      ]
    },
    "socks@2.8.4": {
      "integrity": "sha512-D3YaD0aRxR3mEcqnidIs7ReYJFVzWdd6fXJYUM8ixcQcJRGTka/b3saV0KflYhyVJXKhb947GndU35SxYNResQ==",
      "dependencies": [
        "ip-address",
        "smart-buffer"
      ]
    },
    "sprintf-js@1.1.3": {
      "integrity": "sha512-Oo+0REFV59/rz3gfJNKQiBlwfHaSESl1pcGyABQsnnIfWOFt6JNj5gCog2U6MLZ//IGYD+nA8nI+mTShREReaA=="
    },
    "ssri@9.0.1": {
      "integrity": "sha512-o57Wcn66jMQvfHG1FlYbWeZWW/dHZhJXjpIcTfXldXEk5nz5lStPo3mK0OJQfGR3RbZUlbISexbljkJzuEj/8Q==",
      "dependencies": [
        "minipass@3.3.6"
      ]
    },
    "string-width@4.2.3": {
      "integrity": "sha512-wKyQRQpjJ0sIp62ErSZdGsjMJWsap5oRNihHhu6G7JVO/9jIB6UyevL+tXuOqrng8j/cxKTWyWUwvSTriiZz/g==",
      "dependencies": [
        "emoji-regex@8.0.0",
        "is-fullwidth-code-point",
        "strip-ansi@6.0.1"
      ]
    },
    "string-width@5.1.2": {
      "integrity": "sha512-HnLOCR3vjcY8beoNLtcjZ5/nxn2afmME6lhrDrebokqMap+XbeW8n9TXpPDOqdGK5qcI3oT0GKTW6wC7EMiVqA==",
      "dependencies": [
        "eastasianwidth",
        "emoji-regex@9.2.2",
        "strip-ansi@7.1.0"
      ]
    },
    "string_decoder@1.3.0": {
      "integrity": "sha512-hkRX8U1WjJFd8LsDJ2yQ/wWWxaopEsABU1XfkM8A+j0+85JAGppt16cr1Whg6KIbb4okU6Mql6BOj+uup/wKeA==",
      "dependencies": [
        "safe-buffer"
      ]
    },
    "strip-ansi@6.0.1": {
      "integrity": "sha512-Y38VPSHcqkFrCpFnQ9vuSXmquuv5oXOKpGeT6aGrr3o3Gc9AlVa6JBfUSOCnbxGGZF+/0ooI7KrPuUSztUdU5A==",
      "dependencies": [
        "ansi-regex@5.0.1"
      ]
    },
    "strip-ansi@7.1.0": {
      "integrity": "sha512-iq6eVVI64nQQTRYq2KtEg2d2uU7LElhTJwsH4YzIHZshxlgZms/wIc4VoDQTlG/IvVIrBKG06CrZnp0qv7hkcQ==",
      "dependencies": [
        "ansi-regex@6.1.0"
      ]
    },
    "supports-color@7.2.0": {
      "integrity": "sha512-qpCAvRl9stuOHveKsn7HncJRvv501qIacKzQlO/+Lwxc9+0q2wLyv4Dfvt80/DPn2pqOBsJdDiogXGR9+OvwRw==",
      "dependencies": [
        "has-flag"
      ]
    },
    "table-layout@4.1.1": {
      "integrity": "sha512-iK5/YhZxq5GO5z8wb0bY1317uDF3Zjpha0QFFLA8/trAoiLbQD0HUbMesEaxyzUgDxi2QlcbM8IvqOlEjgoXBA==",
      "dependencies": [
        "array-back@6.2.2",
        "wordwrapjs"
      ]
    },
    "tar@6.2.1": {
      "integrity": "sha512-DZ4yORTwrbTj/7MZYq2w+/ZFdI6OZ/f9SFHR+71gIVUZhOQPHzVCLpvRnPgyaMpfWxxk/4ONva3GQSyNIKRv6A==",
      "dependencies": [
        "chownr@2.0.0",
        "fs-minipass",
        "minipass@5.0.0",
        "minizlib@2.1.2",
        "mkdirp@1.0.4",
        "yallist@4.0.0"
      ]
    },
    "tar@7.4.3": {
      "integrity": "sha512-5S7Va8hKfV7W5U6g3aYxXmlPoZVAwUMy9AOKyF2fVuZa2UD3qZjg578OrLRt8PcNN1PleVaL/5/yYATNL0ICUw==",
      "dependencies": [
        "@isaacs/fs-minipass",
        "chownr@3.0.0",
        "minipass@7.1.2",
        "minizlib@3.0.1",
        "mkdirp@3.0.1",
        "yallist@5.0.0"
      ]
    },
    "tr46@0.0.3": {
      "integrity": "sha512-N3WMsuqV66lT30CrXNbEjx4GEwlow3v6rr4mCcv6prnfwhS01rkgyFdjPNBYd9br7LpXV1+Emh01fHnq2Gdgrw=="
    },
    "tslib@2.8.1": {
      "integrity": "sha512-oJFu94HQb+KVduSUQL7wnpmqnfmLsOA/nAh6b6EH0wCEoK0/mPeXU6c3wKDV83MkOuHPRHtSXKKU99IBazS/2w=="
    },
    "typescript@5.7.3": {
      "integrity": "sha512-84MVSjMEHP+FQRPy3pX9sTVV/INIex71s9TL2Gm5FG/WG1SqXeKyZ0k7/blY/4FdOzI12CBy1vGc4og/eus0fw=="
    },
    "typical@4.0.0": {
      "integrity": "sha512-VAH4IvQ7BDFYglMd7BPRDfLgxZZX4O4TFcRDA6EN5X7erNJJq+McIEp8np9aVtxrCJ6qx4GTYVfOWNjcqwZgRw=="
    },
    "typical@7.3.0": {
      "integrity": "sha512-ya4mg/30vm+DOWfBg4YK3j2WD6TWtRkCbasOJr40CseYENzCUby/7rIvXA99JGsQHeNxLbnXdyLLxKSv3tauFw=="
    },
    "undici-types@6.19.8": {
      "integrity": "sha512-ve2KP6f/JnbPBFyobGHuerC9g1FYGn/F8n1LWTwNxCEzd6IfqTwUQcNXgEtmmQ6DlRrC1hrSrBnCZPokRrDHjw=="
    },
    "unique-filename@2.0.1": {
      "integrity": "sha512-ODWHtkkdx3IAR+veKxFV+VBkUMcN+FaqzUUd7IZzt+0zhDZFPFxhlqwPF3YQvMHx1TD0tdgYl+kuPnJ8E6ql7A==",
      "dependencies": [
        "unique-slug"
      ]
    },
    "unique-slug@3.0.0": {
      "integrity": "sha512-8EyMynh679x/0gqE9fT9oilG+qEt+ibFyqjuVTsZn1+CMxH+XLlpvr2UZx4nVcCwTpx81nICr2JQFkM+HPLq4w==",
      "dependencies": [
        "imurmurhash"
      ]
    },
    "util-deprecate@1.0.2": {
      "integrity": "sha512-EPD5q1uXyFxJpCrLnCc1nHnq3gOa6DZBocAIiI2TaSCA7VCJ1UJDMagCzIkXNsUYfD1daK//LTEQ8xiIbrHtcw=="
    },
    "webidl-conversions@3.0.1": {
      "integrity": "sha512-2JAn3z8AR6rjK8Sm8orRC0h/bcl/DqL7tRPdGZ4I1CjdF+EaMLmYxBHyXuKL849eucPFhvBoxMsflfOb8kxaeQ=="
    },
    "whatwg-url@5.0.0": {
      "integrity": "sha512-saE57nupxk6v3HY35+jzBwYa0rKSy0XR8JSxZPwgLr7ys0IBzhGviA1/TUGJLmSVqs8pb9AnvICXEuOHLprYTw==",
      "dependencies": [
        "tr46",
        "webidl-conversions"
      ]
    },
    "which@2.0.2": {
      "integrity": "sha512-BLI3Tl1TW3Pvl70l3yq3Y64i+awpwXqsGBYWkkqMtnbXgrMD+yj7rhW0kuEDxzJaYXGjEW5ogapKNMEKNMjibA==",
      "dependencies": [
        "isexe"
      ]
    },
    "wide-align@1.1.5": {
      "integrity": "sha512-eDMORYaPNZ4sQIuuYPDHdQvf4gyCF9rEEV/yPxGfwPkRodwEgiMUUXTx/dex+Me0wxx53S+NgUHaP7y3MGlDmg==",
      "dependencies": [
        "string-width@4.2.3"
      ]
    },
    "wordwrapjs@5.1.0": {
      "integrity": "sha512-JNjcULU2e4KJwUNv6CHgI46UvDGitb6dGryHajXTDiLgg1/RiGoPSDw4kZfYnwGtEXf2ZMeIewDQgFGzkCB2Sg=="
    },
    "wrap-ansi@7.0.0": {
      "integrity": "sha512-YVGIj2kamLSTxw6NsZjoBxfSwsn0ycdesmc4p+Q21c5zPuZ1pl+NfxVdxPtdHvmNVOQ6XSYG4AUtyt/Fi7D16Q==",
      "dependencies": [
        "ansi-styles@4.3.0",
        "string-width@4.2.3",
        "strip-ansi@6.0.1"
      ]
    },
    "wrap-ansi@8.1.0": {
      "integrity": "sha512-si7QWI6zUMq56bESFvagtmzMdGOtoxfR+Sez11Mobfc7tm+VkUckk9bW2UeffTGVUbOksxmSw0AA2gs8g71NCQ==",
      "dependencies": [
        "ansi-styles@6.2.1",
        "string-width@5.1.2",
        "strip-ansi@7.1.0"
      ]
    },
    "wrappy@1.0.2": {
      "integrity": "sha512-l4Sp/DRseor9wL6EvV2+TuQn63dMkPjZ/sp9XkghTEbV9KlPS1xUsZ3u7/IQO4wxtcFB4bgpQPRcR3QCvezPcQ=="
    },
    "yallist@4.0.0": {
      "integrity": "sha512-3wdGidZyq5PB084XLES5TpOSRA3wjXAlIWMhum2kRcv/41Sn2emQ0dycQW4uZXLejwKvg6EsvbdlVL+FYEct7A=="
    },
    "yallist@5.0.0": {
      "integrity": "sha512-YgvUTfwqyc7UXVMrB+SImsVYSmTS8X/tSrtdNZMImM+n7+QTriRXyXim0mBrTXNeqzVF0KWGgHPeiyViFFrNDw=="
    },
    "zod@3.24.2": {
      "integrity": "sha512-lY7CDW43ECgW9u1TcT3IoXHflywfVqDYze4waEz812jR/bZ8FHDsl7pFQoSZTz5N+2NqRXs8GBwnAwo3ZNxqhQ=="
    }
  },
  "redirects": {
    "https://deno.land/std/streams/read_all.ts": "https://deno.land/std@0.224.0/streams/read_all.ts",
    "https://deno.land/std/streams/write_all.ts": "https://deno.land/std@0.224.0/streams/write_all.ts",
    "https://deno.land/x/duckdb/mod.ts": "https://deno.land/x/duckdb@0.1.1/mod.ts"
  },
  "remote": {
    "https://deno.land/std@0.122.0/_util/assert.ts": "2f868145a042a11d5ad0a3c748dcf580add8a0dbc0e876eaa0026303a5488f58",
    "https://deno.land/std@0.122.0/_util/os.ts": "dfb186cc4e968c770ab6cc3288bd65f4871be03b93beecae57d657232ecffcac",
    "https://deno.land/std@0.122.0/fmt/colors.ts": "8368ddf2d48dfe413ffd04cdbb7ae6a1009cf0dccc9c7ff1d76259d9c61a0621",
    "https://deno.land/std@0.122.0/path/_constants.ts": "1247fee4a79b70c89f23499691ef169b41b6ccf01887a0abd131009c5581b853",
    "https://deno.land/std@0.122.0/path/_interface.ts": "1fa73b02aaa24867e481a48492b44f2598cd9dfa513c7b34001437007d3642e4",
    "https://deno.land/std@0.122.0/path/_util.ts": "2e06a3b9e79beaf62687196bd4b60a4c391d862cfa007a20fc3a39f778ba073b",
    "https://deno.land/std@0.122.0/path/common.ts": "f41a38a0719a1e85aa11c6ba3bea5e37c15dd009d705bd8873f94c833568cbc4",
    "https://deno.land/std@0.122.0/path/glob.ts": "7bf2349e818e332a830f3d8874c3f45dd7580b6c742ed50dbf6282d84ab18405",
    "https://deno.land/std@0.122.0/path/mod.ts": "4465dc494f271b02569edbb4a18d727063b5dbd6ed84283ff906260970a15d12",
    "https://deno.land/std@0.122.0/path/posix.ts": "34349174b9cd121625a2810837a82dd8b986bbaaad5ade690d1de75bbb4555b2",
    "https://deno.land/std@0.122.0/path/separator.ts": "8fdcf289b1b76fd726a508f57d3370ca029ae6976fcde5044007f062e643ff1c",
    "https://deno.land/std@0.122.0/path/win32.ts": "11549e8c6df8307a8efcfa47ad7b2a75da743eac7d4c89c9723a944661c8bd2e",
    "https://deno.land/std@0.97.0/_util/assert.ts": "2f868145a042a11d5ad0a3c748dcf580add8a0dbc0e876eaa0026303a5488f58",
    "https://deno.land/std@0.97.0/_util/os.ts": "e282950a0eaa96760c0cf11e7463e66babd15ec9157d4c9ed49cc0925686f6a7",
    "https://deno.land/std@0.97.0/encoding/base64.ts": "eecae390f1f1d1cae6f6c6d732ede5276bf4b9cd29b1d281678c054dc5cc009e",
    "https://deno.land/std@0.97.0/encoding/hex.ts": "f952e0727bddb3b2fd2e6889d104eacbd62e92091f540ebd6459317a61932d9b",
    "https://deno.land/std@0.97.0/fs/_util.ts": "f2ce811350236ea8c28450ed822a5f42a0892316515b1cd61321dec13569c56b",
    "https://deno.land/std@0.97.0/fs/ensure_dir.ts": "b7c103dc41a3d1dbbb522bf183c519c37065fdc234831a4a0f7d671b1ed5fea7",
    "https://deno.land/std@0.97.0/fs/exists.ts": "b0d2e31654819cc2a8d37df45d6b14686c0cc1d802e9ff09e902a63e98b85a00",
    "https://deno.land/std@0.97.0/hash/_wasm/hash.ts": "cb6ad1ab429f8ac9d6eae48f3286e08236d662e1a2e5cfd681ba1c0f17375895",
    "https://deno.land/std@0.97.0/hash/_wasm/wasm.js": "94b1b997ae6fb4e6d2156bcea8f79cfcd1e512a91252b08800a92071e5e84e1a",
    "https://deno.land/std@0.97.0/hash/mod.ts": "5d032bd34186cda2f8d17fc122d621430953a6030d4b3f11172004715e3e2441",
    "https://deno.land/std@0.97.0/path/_constants.ts": "1247fee4a79b70c89f23499691ef169b41b6ccf01887a0abd131009c5581b853",
    "https://deno.land/std@0.97.0/path/_interface.ts": "1fa73b02aaa24867e481a48492b44f2598cd9dfa513c7b34001437007d3642e4",
    "https://deno.land/std@0.97.0/path/_util.ts": "2e06a3b9e79beaf62687196bd4b60a4c391d862cfa007a20fc3a39f778ba073b",
    "https://deno.land/std@0.97.0/path/common.ts": "eaf03d08b569e8a87e674e4e265e099f237472b6fd135b3cbeae5827035ea14a",
    "https://deno.land/std@0.97.0/path/glob.ts": "314ad9ff263b895795208cdd4d5e35a44618ca3c6dd155e226fb15d065008652",
    "https://deno.land/std@0.97.0/path/mod.ts": "4465dc494f271b02569edbb4a18d727063b5dbd6ed84283ff906260970a15d12",
    "https://deno.land/std@0.97.0/path/posix.ts": "f56c3c99feb47f30a40ce9d252ef6f00296fa7c0fcb6dd81211bdb3b8b99ca3b",
    "https://deno.land/std@0.97.0/path/separator.ts": "8fdcf289b1b76fd726a508f57d3370ca029ae6976fcde5044007f062e643ff1c",
    "https://deno.land/std@0.97.0/path/win32.ts": "77f7b3604e0de40f3a7c698e8a79e7f601dc187035a1c21cb1e596666ce112f8",
    "https://deno.land/x/cache@0.2.13/cache.ts": "4005aad54fb9aac9ff02526ffa798032e57f2d7966905fdeb7949263b1c95f2f",
    "https://deno.land/x/cache@0.2.13/deps.ts": "6f14e76a1a09f329e3f3830c6e72bd10b53a89a75769d5ea886e5d8603e503e6",
    "https://deno.land/x/cache@0.2.13/directories.ts": "ef48531cab3f827252e248596d15cede0de179a2fb15392ae24cf8034519994f",
    "https://deno.land/x/cache@0.2.13/file.ts": "5abe7d80c6ac594c98e66eb4262962139f48cd9c49dbe2a77e9608760508a09a",
    "https://deno.land/x/cache@0.2.13/file_fetcher.ts": "5c793cc83a5b9377679ec313b2a2321e51bf7ed15380fa82d387f1cdef3b924f",
    "https://deno.land/x/cache@0.2.13/helpers.ts": "d1545d6432277b7a0b5ea254d1c51d572b6452a8eadd9faa7ad9c5586a1725c4",
    "https://deno.land/x/cache@0.2.13/mod.ts": "3188250d3a013ef6c9eb060e5284cf729083af7944a29e60bb3d8597dd20ebcd",
    "https://deno.land/x/duckdb@0.1.1/lib.js": "2eddbf57ac1212c94d60b659f74553b033b4d6fc6249330e07fa72131898d729",
    "https://deno.land/x/duckdb@0.1.1/mod.ts": "278cd7eff130287b7edbadd3d6970fb64861b930aa38836a12d20eff53ec0c43",
    "https://deno.land/x/plug@0.5.2/deps.ts": "0f53866f60dc4f89bbc3be9d096f7501f2068a51923db220f43f0ad284b6b892",
    "https://deno.land/x/plug@0.5.2/plug.ts": "e495c772bc3b19eb30d820bb83f1b75f6047e3009e19d9a5d81dbe68ca642fd9"
  },
  "workspace": {
    "dependencies": [
      "jsr:@std/assert@1",
      "jsr:@std/expect@^1.0.13",
      "jsr:@std/testing@^1.0.9",
      "npm:@duckdb/duckdb-wasm@*",
      "npm:@npm/types@2",
      "npm:duckdb@^1.2.0",
      "npm:neverthrow@^8.2.0"
    ]
  }
}
